
Microsoft Visual Studio Solution File, Format Version 12.00
# Visual Studio Version 17
VisualStudioVersion = 17.3.32825.248
MinimumVisualStudioVersion = 10.0.40219.1
Project("{FAE04EC0-301F-11D3-BF4B-00C04F79EFBC}") = "BDSA-Exercises", "BDSA-Exercises\BDSA-Exercises.csproj", "{FD851FFF-F044-4B0C-B01B-42FC7EEF7ACA}"
EndProject
Global
	GlobalSection(SolutionConfigurationPlatforms) = preSolution
		Debug|Any CPU = Debug|Any CPU
		Release|Any CPU = Release|Any CPU
	EndGlobalSection
	GlobalSection(ProjectConfigurationPlatforms) = postSolution
		{FD851FFF-F044-4B0C-B01B-42FC7EEF7ACA}.Debug|Any CPU.ActiveCfg = Debug|Any CPU
		{FD851FFF-F044-4B0C-B01B-42FC7EEF7ACA}.Debug|Any CPU.Build.0 = Debug|Any CPU
		{FD851FFF-F044-4B0C-B01B-42FC7EEF7ACA}.Release|Any CPU.ActiveCfg = Release|Any CPU
		{FD851FFF-F044-4B0C-B01B-42FC7EEF7ACA}.Release|Any CPU.Build.0 = Release|Any CPU
	EndGlobalSection
	GlobalSection(SolutionProperties) = preSolution
		HideSolutionNode = FALSE
	EndGlobalSection
	GlobalSection(ExtensibilityGlobals) = postSolution
		SolutionGuid = {96012A8E-9889-410A-92FC-E6993121368A}
	EndGlobalSection
EndGlobal
